
Microsoft Visual Studio Solution File, Format Version 12.00
# Visual Studio 14
VisualStudioVersion = 14.0.25420.1
MinimumVisualStudioVersion = 10.0.40219.1
Project("{2150E333-8FDC-42A3-9474-1A3956D46DE8}") = "Libraries", "Libraries", "{E4ACA93B-D3DE-4557-B069-F1DB42925A4B}"
EndProject
Project("{FAE04EC0-301F-11D3-BF4B-00C04F79EFBC}") = "Nop.Core", "Libraries\Nop.Core\Nop.Core.csproj", "{6BDA8332-939F-45B7-A25E-7A797260AE59}"
EndProject
Project("{FAE04EC0-301F-11D3-BF4B-00C04F79EFBC}") = "Nop.Data", "Libraries\Nop.Data\Nop.Data.csproj", "{CCD7F2C9-6A2C-4CF0-8E89-076B8FC0F144}"
EndProject
Project("{FAE04EC0-301F-11D3-BF4B-00C04F79EFBC}") = "Nop.Services", "Libraries\Nop.Services\Nop.Services.csproj", "{210541AD-F659-47DA-8763-16F36C5CD2F4}"
EndProject
Project("{FAE04EC0-301F-11D3-BF4B-00C04F79EFBC}") = "Nop.Domain", "Libraries\Nop.Domain\Nop.Domain.csproj", "{698FF728-93B9-48C9-99C0-0AA1C909F420}"
EndProject
Project("{2150E333-8FDC-42A3-9474-1A3956D46DE8}") = "Presentation", "Presentation", "{C29EB955-C0CB-4C54-BCE5-F1E9EFF46B01}"
EndProject
Project("{FAE04EC0-301F-11D3-BF4B-00C04F79EFBC}") = "Nop.Winform", "Presentation\Nop.Winform\Nop.Winform.csproj", "{D4BE49DB-B043-469C-8CE3-BCE4E27F4AA1}"
EndProject
Project("{FAE04EC0-301F-11D3-BF4B-00C04F79EFBC}") = "Nop.Web", "Presentation\Nop.Web\Nop.Web.csproj", "{17C762DD-838B-465C-AAB2-892CACE4D0A4}"
EndProject
Project("{FAE04EC0-301F-11D3-BF4B-00C04F79EFBC}") = "Nop.Web.Framework", "Presentation\Nop.Web.Framework\Nop.Web.Framework.csproj", "{75FD4163-333C-4DD5-854D-2EF294E45D94}"
EndProject
Global
	GlobalSection(SolutionConfigurationPlatforms) = preSolution
		Debug|Any CPU = Debug|Any CPU
		Debug|Mixed Platforms = Debug|Mixed Platforms
		Debug|x86 = Debug|x86
		Release|Any CPU = Release|Any CPU
		Release|Mixed Platforms = Release|Mixed Platforms
		Release|x86 = Release|x86
	EndGlobalSection
	GlobalSection(ProjectConfigurationPlatforms) = postSolution
		{6BDA8332-939F-45B7-A25E-7A797260AE59}.Debug|Any CPU.ActiveCfg = Debug|Any CPU
		{6BDA8332-939F-45B7-A25E-7A797260AE59}.Debug|Any CPU.Build.0 = Debug|Any CPU
		{6BDA8332-939F-45B7-A25E-7A797260AE59}.Debug|Mixed Platforms.ActiveCfg = Debug|Any CPU
		{6BDA8332-939F-45B7-A25E-7A797260AE59}.Debug|Mixed Platforms.Build.0 = Debug|Any CPU
		{6BDA8332-939F-45B7-A25E-7A797260AE59}.Debug|x86.ActiveCfg = Debug|Any CPU
		{6BDA8332-939F-45B7-A25E-7A797260AE59}.Release|Any CPU.ActiveCfg = Release|Any CPU
		{6BDA8332-939F-45B7-A25E-7A797260AE59}.Release|Any CPU.Build.0 = Release|Any CPU
		{6BDA8332-939F-45B7-A25E-7A797260AE59}.Release|Mixed Platforms.ActiveCfg = Release|Any CPU
		{6BDA8332-939F-45B7-A25E-7A797260AE59}.Release|Mixed Platforms.Build.0 = Release|Any CPU
		{6BDA8332-939F-45B7-A25E-7A797260AE59}.Release|x86.ActiveCfg = Release|Any CPU
		{CCD7F2C9-6A2C-4CF0-8E89-076B8FC0F144}.Debug|Any CPU.ActiveCfg = Debug|Any CPU
		{CCD7F2C9-6A2C-4CF0-8E89-076B8FC0F144}.Debug|Any CPU.Build.0 = Debug|Any CPU
		{CCD7F2C9-6A2C-4CF0-8E89-076B8FC0F144}.Debug|Mixed Platforms.ActiveCfg = Debug|Any CPU
		{CCD7F2C9-6A2C-4CF0-8E89-076B8FC0F144}.Debug|Mixed Platforms.Build.0 = Debug|Any CPU
		{CCD7F2C9-6A2C-4CF0-8E89-076B8FC0F144}.Debug|x86.ActiveCfg = Debug|Any CPU
		{CCD7F2C9-6A2C-4CF0-8E89-076B8FC0F144}.Release|Any CPU.ActiveCfg = Release|Any CPU
		{CCD7F2C9-6A2C-4CF0-8E89-076B8FC0F144}.Release|Any CPU.Build.0 = Release|Any CPU
		{CCD7F2C9-6A2C-4CF0-8E89-076B8FC0F144}.Release|Mixed Platforms.ActiveCfg = Release|Any CPU
		{CCD7F2C9-6A2C-4CF0-8E89-076B8FC0F144}.Release|Mixed Platforms.Build.0 = Release|Any CPU
		{CCD7F2C9-6A2C-4CF0-8E89-076B8FC0F144}.Release|x86.ActiveCfg = Release|Any CPU
		{210541AD-F659-47DA-8763-16F36C5CD2F4}.Debug|Any CPU.ActiveCfg = Debug|Any CPU
		{210541AD-F659-47DA-8763-16F36C5CD2F4}.Debug|Any CPU.Build.0 = Debug|Any CPU
		{210541AD-F659-47DA-8763-16F36C5CD2F4}.Debug|Mixed Platforms.ActiveCfg = Debug|Any CPU
		{210541AD-F659-47DA-8763-16F36C5CD2F4}.Debug|Mixed Platforms.Build.0 = Debug|Any CPU
		{210541AD-F659-47DA-8763-16F36C5CD2F4}.Debug|x86.ActiveCfg = Debug|Any CPU
		{210541AD-F659-47DA-8763-16F36C5CD2F4}.Release|Any CPU.ActiveCfg = Release|Any CPU
		{210541AD-F659-47DA-8763-16F36C5CD2F4}.Release|Any CPU.Build.0 = Release|Any CPU
		{210541AD-F659-47DA-8763-16F36C5CD2F4}.Release|Mixed Platforms.ActiveCfg = Release|Any CPU
		{210541AD-F659-47DA-8763-16F36C5CD2F4}.Release|Mixed Platforms.Build.0 = Release|Any CPU
		{210541AD-F659-47DA-8763-16F36C5CD2F4}.Release|x86.ActiveCfg = Release|Any CPU
		{698FF728-93B9-48C9-99C0-0AA1C909F420}.Debug|Any CPU.ActiveCfg = Debug|Any CPU
		{698FF728-93B9-48C9-99C0-0AA1C909F420}.Debug|Any CPU.Build.0 = Debug|Any CPU
		{698FF728-93B9-48C9-99C0-0AA1C909F420}.Debug|Mixed Platforms.ActiveCfg = Debug|Any CPU
		{698FF728-93B9-48C9-99C0-0AA1C909F420}.Debug|Mixed Platforms.Build.0 = Debug|Any CPU
		{698FF728-93B9-48C9-99C0-0AA1C909F420}.Debug|x86.ActiveCfg = Debug|Any CPU
		{698FF728-93B9-48C9-99C0-0AA1C909F420}.Debug|x86.Build.0 = Debug|Any CPU
		{698FF728-93B9-48C9-99C0-0AA1C909F420}.Release|Any CPU.ActiveCfg = Release|Any CPU
		{698FF728-93B9-48C9-99C0-0AA1C909F420}.Release|Any CPU.Build.0 = Release|Any CPU
		{698FF728-93B9-48C9-99C0-0AA1C909F420}.Release|Mixed Platforms.ActiveCfg = Release|Any CPU
		{698FF728-93B9-48C9-99C0-0AA1C909F420}.Release|Mixed Platforms.Build.0 = Release|Any CPU
		{698FF728-93B9-48C9-99C0-0AA1C909F420}.Release|x86.ActiveCfg = Release|Any CPU
		{698FF728-93B9-48C9-99C0-0AA1C909F420}.Release|x86.Build.0 = Release|Any CPU
		{D4BE49DB-B043-469C-8CE3-BCE4E27F4AA1}.Debug|Any CPU.ActiveCfg = Debug|Any CPU
		{D4BE49DB-B043-469C-8CE3-BCE4E27F4AA1}.Debug|Any CPU.Build.0 = Debug|Any CPU
		{D4BE49DB-B043-469C-8CE3-BCE4E27F4AA1}.Debug|Mixed Platforms.ActiveCfg = Debug|Any CPU
		{D4BE49DB-B043-469C-8CE3-BCE4E27F4AA1}.Debug|Mixed Platforms.Build.0 = Debug|Any CPU
		{D4BE49DB-B043-469C-8CE3-BCE4E27F4AA1}.Debug|x86.ActiveCfg = Debug|Any CPU
		{D4BE49DB-B043-469C-8CE3-BCE4E27F4AA1}.Debug|x86.Build.0 = Debug|Any CPU
		{D4BE49DB-B043-469C-8CE3-BCE4E27F4AA1}.Release|Any CPU.ActiveCfg = Release|Any CPU
		{D4BE49DB-B043-469C-8CE3-BCE4E27F4AA1}.Release|Any CPU.Build.0 = Release|Any CPU
		{D4BE49DB-B043-469C-8CE3-BCE4E27F4AA1}.Release|Mixed Platforms.ActiveCfg = Release|Any CPU
		{D4BE49DB-B043-469C-8CE3-BCE4E27F4AA1}.Release|Mixed Platforms.Build.0 = Release|Any CPU
		{D4BE49DB-B043-469C-8CE3-BCE4E27F4AA1}.Release|x86.ActiveCfg = Release|Any CPU
		{D4BE49DB-B043-469C-8CE3-BCE4E27F4AA1}.Release|x86.Build.0 = Release|Any CPU
		{17C762DD-838B-465C-AAB2-892CACE4D0A4}.Debug|Any CPU.ActiveCfg = Debug|Any CPU
		{17C762DD-838B-465C-AAB2-892CACE4D0A4}.Debug|Any CPU.Build.0 = Debug|Any CPU
		{17C762DD-838B-465C-AAB2-892CACE4D0A4}.Debug|Mixed Platforms.ActiveCfg = Debug|Any CPU
		{17C762DD-838B-465C-AAB2-892CACE4D0A4}.Debug|Mixed Platforms.Build.0 = Debug|Any CPU
		{17C762DD-838B-465C-AAB2-892CACE4D0A4}.Debug|x86.ActiveCfg = Debug|Any CPU
		{17C762DD-838B-465C-AAB2-892CACE4D0A4}.Debug|x86.Build.0 = Debug|Any CPU
		{17C762DD-838B-465C-AAB2-892CACE4D0A4}.Release|Any CPU.ActiveCfg = Release|Any CPU
		{17C762DD-838B-465C-AAB2-892CACE4D0A4}.Release|Any CPU.Build.0 = Release|Any CPU
		{17C762DD-838B-465C-AAB2-892CACE4D0A4}.Release|Mixed Platforms.ActiveCfg = Release|Any CPU
		{17C762DD-838B-465C-AAB2-892CACE4D0A4}.Release|Mixed Platforms.Build.0 = Release|Any CPU
		{17C762DD-838B-465C-AAB2-892CACE4D0A4}.Release|x86.ActiveCfg = Release|Any CPU
		{17C762DD-838B-465C-AAB2-892CACE4D0A4}.Release|x86.Build.0 = Release|Any CPU
		{75FD4163-333C-4DD5-854D-2EF294E45D94}.Debug|Any CPU.ActiveCfg = Debug|Any CPU
		{75FD4163-333C-4DD5-854D-2EF294E45D94}.Debug|Any CPU.Build.0 = Debug|Any CPU
		{75FD4163-333C-4DD5-854D-2EF294E45D94}.Debug|Mixed Platforms.ActiveCfg = Debug|Any CPU
		{75FD4163-333C-4DD5-854D-2EF294E45D94}.Debug|Mixed Platforms.Build.0 = Debug|Any CPU
		{75FD4163-333C-4DD5-854D-2EF294E45D94}.Debug|x86.ActiveCfg = Debug|Any CPU
		{75FD4163-333C-4DD5-854D-2EF294E45D94}.Debug|x86.Build.0 = Debug|Any CPU
		{75FD4163-333C-4DD5-854D-2EF294E45D94}.Release|Any CPU.ActiveCfg = Release|Any CPU
		{75FD4163-333C-4DD5-854D-2EF294E45D94}.Release|Any CPU.Build.0 = Release|Any CPU
		{75FD4163-333C-4DD5-854D-2EF294E45D94}.Release|Mixed Platforms.ActiveCfg = Release|Any CPU
		{75FD4163-333C-4DD5-854D-2EF294E45D94}.Release|Mixed Platforms.Build.0 = Release|Any CPU
		{75FD4163-333C-4DD5-854D-2EF294E45D94}.Release|x86.ActiveCfg = Release|Any CPU
		{75FD4163-333C-4DD5-854D-2EF294E45D94}.Release|x86.Build.0 = Release|Any CPU
	EndGlobalSection
	GlobalSection(SolutionProperties) = preSolution
		HideSolutionNode = FALSE
	EndGlobalSection
	GlobalSection(NestedProjects) = preSolution
		{6BDA8332-939F-45B7-A25E-7A797260AE59} = {E4ACA93B-D3DE-4557-B069-F1DB42925A4B}
		{CCD7F2C9-6A2C-4CF0-8E89-076B8FC0F144} = {E4ACA93B-D3DE-4557-B069-F1DB42925A4B}
		{210541AD-F659-47DA-8763-16F36C5CD2F4} = {E4ACA93B-D3DE-4557-B069-F1DB42925A4B}
		{698FF728-93B9-48C9-99C0-0AA1C909F420} = {E4ACA93B-D3DE-4557-B069-F1DB42925A4B}
		{D4BE49DB-B043-469C-8CE3-BCE4E27F4AA1} = {C29EB955-C0CB-4C54-BCE5-F1E9EFF46B01}
		{17C762DD-838B-465C-AAB2-892CACE4D0A4} = {C29EB955-C0CB-4C54-BCE5-F1E9EFF46B01}
		{75FD4163-333C-4DD5-854D-2EF294E45D94} = {C29EB955-C0CB-4C54-BCE5-F1E9EFF46B01}
	EndGlobalSection
	GlobalSection(NDepend) = preSolution
		Project = ".\NopCommerce.ndproj"
	EndGlobalSection
EndGlobal
